hash: 4cee7f7ee53e83fc6a802ef459c4938d305750e8ff1f4ce87844aec60e88b48d
updated: 2018-05-08T11:25:29.516358528Z
imports:
- name: github.com/coreos/go-systemd
  version: d1b7d058aa2adfc795ad17ff4aaa2bc64ec11c78
  subpackages:
  - activation
- name: github.com/docker/go-connections
  version: 7395e3f8aa162843a74ed6d48e79627d9792ac55
  subpackages:
  - sockets
- name: github.com/docker/go-plugins-helpers
  version: 61cb8e2334204460162c8bd2417cd43cb71da66f
  subpackages:
  - sdk
  - volume
- name: github.com/docker/go-units
  version: 47565b4f722fb6ceae66b95f853feed578a4a51c
- name: github.com/Microsoft/go-winio
  version: ab35fc04b6365e8fcb18e6e9e41ea4a02b10b175
- name: github.com/pkg/errors
  version: 645ef00459ed84a119197bfb8d8205042c6df63d
- name: github.com/rs/zerolog
  version: 05eafee0eb17d0150591a8f30f0fa592cc9b7471
  subpackages:
  - internal/cbor
  - internal/json
- name: github.com/ventu-io/go-shortid
  version: 6c56cef5189ca1b3d5ef01dc07f4d611dfc0bb33
- name: golang.org/x/net
  version: d11bb6cd8e3c4e60239c9cb20ef68586d74500d0
  subpackages:
  - internal/socks
  - proxy
- name: golang.org/x/sys
  version: 7db1c3b1a98089d0071c84f646ff5c96aad43682
  subpackages:
  - unix
  - windows
- name: gopkg.in/urfave/cli.v1
  version: cfb38830724cc34fedffe9a2a29fb54fa9169cd1
testImports:
- name: github.com/davecgh/go-spew
  version: 8991bc29aa16c548c550c7ff78260e27b9ab7c73
  subpackages:
  - spew
- name: github.com/pmezard/go-difflib
  version: 792786c7400a136282c1664665ae0a8db921c6c2
  subpackages:
  - difflib
- name: github.com/stretchr/testify
  version: 12b6f73e6084dad08a7c6e575284b177ecafbc71
  subpackages:
  - assert
